
Microsoft Visual Studio Solution File, Format Version 12.00
# Visual Studio Version 16
VisualStudioVersion = 16.0.31702.278
MinimumVisualStudioVersion = 10.0.40219.1
Project("{9A19103F-16F7-4668-BE54-9A1E7A4F7556}") = "MyFisrtNetCoreWebApp", "MyFisrtNetCoreWebApp\MyFisrtNetCoreWebApp.csproj", "{88FC2A29-BFBE-4DF6-97B6-DF78258D7357}"
EndProject
Global
	GlobalSection(SolutionConfigurationPlatforms) = preSolution
		Debug|Any CPU = Debug|Any CPU
		Release|Any CPU = Release|Any CPU
	EndGlobalSection
	GlobalSection(ProjectConfigurationPlatforms) = postSolution
		{88FC2A29-BFBE-4DF6-97B6-DF78258D7357}.Debug|Any CPU.ActiveCfg = Debug|Any CPU
		{88FC2A29-BFBE-4DF6-97B6-DF78258D7357}.Debug|Any CPU.Build.0 = Debug|Any CPU
		{88FC2A29-BFBE-4DF6-97B6-DF78258D7357}.Release|Any CPU.ActiveCfg = Release|Any CPU
		{88FC2A29-BFBE-4DF6-97B6-DF78258D7357}.Release|Any CPU.Build.0 = Release|Any CPU
	EndGlobalSection
	GlobalSection(SolutionProperties) = preSolution
		HideSolutionNode = FALSE
	EndGlobalSection
	GlobalSection(ExtensibilityGlobals) = postSolution
		SolutionGuid = {AB528E6C-8C67-4350-9CB2-342D959DF00F}
	EndGlobalSection
EndGlobal
